
Microsoft Visual Studio Solution File, Format Version 12.00
# Visual Studio Version 17
VisualStudioVersion = 17.9.34622.214
MinimumVisualStudioVersion = 10.0.40219.1
Project("{FAE04EC0-301F-11D3-BF4B-00C04F79EFBC}") = "1_TypyGeneryczne", "1_TypyGeneryczne.csproj", "{E495AB0B-7B1E-4C51-8ACC-96DA54E18FEA}"
EndProject
Project("{FAE04EC0-301F-11D3-BF4B-00C04F79EFBC}") = "2_KolekcjeGeneryczne", "..\2_KolekcjeGeneryczne\2_KolekcjeGeneryczne.csproj", "{BC5A8C62-B0DB-4BD1-855A-3BBAF34DB4D4}"
EndProject
Project("{FAE04EC0-301F-11D3-BF4B-00C04F79EFBC}") = "1_TypyGeneryczneTest", "..\1_TypyGeneryczneTest\1_TypyGeneryczneTest.csproj", "{E2174A6A-1576-41D5-A8CF-2E2446F75056}"
EndProject
Project("{FAE04EC0-301F-11D3-BF4B-00C04F79EFBC}") = "2_KolekcjeGeneryczneTest", "..\KolekcjeGeneryczneTest\2_KolekcjeGeneryczneTest.csproj", "{37D5A176-9374-428B-BFAF-316E0C75296B}"
EndProject
Project("{FAE04EC0-301F-11D3-BF4B-00C04F79EFBC}") = "3_KlasyInterfejsyGeneryczne", "..\3_KlasyInterfejsyGeneryczne\3_KlasyInterfejsyGeneryczne.csproj", "{1D893CB4-3E81-4DA5-BF41-0CC474EF6CB4}"
EndProject
Project("{FAE04EC0-301F-11D3-BF4B-00C04F79EFBC}") = "3_KlasyInterfejsyGeneryczneTest", "..\3_KlasyInterfejsyGeneryczneTest\3_KlasyInterfejsyGeneryczneTest.csproj", "{CA91B2BB-41D7-43A1-B23E-162D670B9F5D}"
EndProject
Global
	GlobalSection(SolutionConfigurationPlatforms) = preSolution
		Debug|Any CPU = Debug|Any CPU
		Release|Any CPU = Release|Any CPU
	EndGlobalSection
	GlobalSection(ProjectConfigurationPlatforms) = postSolution
		{E495AB0B-7B1E-4C51-8ACC-96DA54E18FEA}.Debug|Any CPU.ActiveCfg = Debug|Any CPU
		{E495AB0B-7B1E-4C51-8ACC-96DA54E18FEA}.Debug|Any CPU.Build.0 = Debug|Any CPU
		{E495AB0B-7B1E-4C51-8ACC-96DA54E18FEA}.Release|Any CPU.ActiveCfg = Release|Any CPU
		{E495AB0B-7B1E-4C51-8ACC-96DA54E18FEA}.Release|Any CPU.Build.0 = Release|Any CPU
		{BC5A8C62-B0DB-4BD1-855A-3BBAF34DB4D4}.Debug|Any CPU.ActiveCfg = Debug|Any CPU
		{BC5A8C62-B0DB-4BD1-855A-3BBAF34DB4D4}.Debug|Any CPU.Build.0 = Debug|Any CPU
		{BC5A8C62-B0DB-4BD1-855A-3BBAF34DB4D4}.Release|Any CPU.ActiveCfg = Release|Any CPU
		{BC5A8C62-B0DB-4BD1-855A-3BBAF34DB4D4}.Release|Any CPU.Build.0 = Release|Any CPU
		{E2174A6A-1576-41D5-A8CF-2E2446F75056}.Debug|Any CPU.ActiveCfg = Debug|Any CPU
		{E2174A6A-1576-41D5-A8CF-2E2446F75056}.Debug|Any CPU.Build.0 = Debug|Any CPU
		{E2174A6A-1576-41D5-A8CF-2E2446F75056}.Release|Any CPU.ActiveCfg = Release|Any CPU
		{E2174A6A-1576-41D5-A8CF-2E2446F75056}.Release|Any CPU.Build.0 = Release|Any CPU
		{37D5A176-9374-428B-BFAF-316E0C75296B}.Debug|Any CPU.ActiveCfg = Debug|Any CPU
		{37D5A176-9374-428B-BFAF-316E0C75296B}.Debug|Any CPU.Build.0 = Debug|Any CPU
		{37D5A176-9374-428B-BFAF-316E0C75296B}.Release|Any CPU.ActiveCfg = Release|Any CPU
		{37D5A176-9374-428B-BFAF-316E0C75296B}.Release|Any CPU.Build.0 = Release|Any CPU
		{1D893CB4-3E81-4DA5-BF41-0CC474EF6CB4}.Debug|Any CPU.ActiveCfg = Debug|Any CPU
		{1D893CB4-3E81-4DA5-BF41-0CC474EF6CB4}.Debug|Any CPU.Build.0 = Debug|Any CPU
		{1D893CB4-3E81-4DA5-BF41-0CC474EF6CB4}.Release|Any CPU.ActiveCfg = Release|Any CPU
		{1D893CB4-3E81-4DA5-BF41-0CC474EF6CB4}.Release|Any CPU.Build.0 = Release|Any CPU
		{CA91B2BB-41D7-43A1-B23E-162D670B9F5D}.Debug|Any CPU.ActiveCfg = Debug|Any CPU
		{CA91B2BB-41D7-43A1-B23E-162D670B9F5D}.Debug|Any CPU.Build.0 = Debug|Any CPU
		{CA91B2BB-41D7-43A1-B23E-162D670B9F5D}.Release|Any CPU.ActiveCfg = Release|Any CPU
		{CA91B2BB-41D7-43A1-B23E-162D670B9F5D}.Release|Any CPU.Build.0 = Release|Any CPU
	EndGlobalSection
	GlobalSection(SolutionProperties) = preSolution
		HideSolutionNode = FALSE
	EndGlobalSection
	GlobalSection(ExtensibilityGlobals) = postSolution
		SolutionGuid = {FF36DF50-05BE-4ADC-8879-DCA62E2EE46E}
	EndGlobalSection
EndGlobal
